
Microsoft Visual Studio Solution File, Format Version 12.00
# Visual Studio Version 17
VisualStudioVersion = 17.11.35222.181
MinimumVisualStudioVersion = 10.0.40219.1
Project("{FAE04EC0-301F-11D3-BF4B-00C04F79EFBC}") = "Task1", "Task1.csproj", "{003162AC-C983-4690-8FD2-07508DCAD5C5}"
EndProject
Global
	GlobalSection(SolutionConfigurationPlatforms) = preSolution
		Debug|Any CPU = Debug|Any CPU
		Release|Any CPU = Release|Any CPU
	EndGlobalSection
	GlobalSection(ProjectConfigurationPlatforms) = postSolution
		{003162AC-C983-4690-8FD2-07508DCAD5C5}.Debug|Any CPU.ActiveCfg = Debug|Any CPU
		{003162AC-C983-4690-8FD2-07508DCAD5C5}.Debug|Any CPU.Build.0 = Debug|Any CPU
		{003162AC-C983-4690-8FD2-07508DCAD5C5}.Release|Any CPU.ActiveCfg = Release|Any CPU
		{003162AC-C983-4690-8FD2-07508DCAD5C5}.Release|Any CPU.Build.0 = Release|Any CPU
	EndGlobalSection
	GlobalSection(SolutionProperties) = preSolution
		HideSolutionNode = FALSE
	EndGlobalSection
	GlobalSection(ExtensibilityGlobals) = postSolution
		SolutionGuid = {5EBD81E4-650C-4C23-B3D8-5C933A3A885A}
	EndGlobalSection
EndGlobal
